
Microsoft Visual Studio Solution File, Format Version 12.00
# Visual Studio 2017
Project("{FAE04EC0-301F-11D3-BF4B-00C04F79EFBC}") = "Demo_1.0", "Demo_1.0.csproj", "{C5DDF10D-CCDE-2759-8889-F7CD95CE0902}"
EndProject
Project("{FAE04EC0-301F-11D3-BF4B-00C04F79EFBC}") = "Demo_1.0.Editor", "Demo_1.0.Editor.csproj", "{86456C25-CA9F-348E-1090-2ADB765A1C6E}"
EndProject
Global
	GlobalSection(SolutionConfigurationPlatforms) = preSolution
		Debug|Any CPU = Debug|Any CPU
		Release|Any CPU = Release|Any CPU
	EndGlobalSection
	GlobalSection(ProjectConfigurationPlatforms) = postSolution
		{C5DDF10D-CCDE-2759-8889-F7CD95CE0902}.Debug|Any CPU.ActiveCfg = Debug|Any CPU
		{C5DDF10D-CCDE-2759-8889-F7CD95CE0902}.Debug|Any CPU.Build.0 = Debug|Any CPU
		{C5DDF10D-CCDE-2759-8889-F7CD95CE0902}.Release|Any CPU.ActiveCfg = Release|Any CPU
		{C5DDF10D-CCDE-2759-8889-F7CD95CE0902}.Release|Any CPU.Build.0 = Release|Any CPU
		{86456C25-CA9F-348E-1090-2ADB765A1C6E}.Debug|Any CPU.ActiveCfg = Debug|Any CPU
		{86456C25-CA9F-348E-1090-2ADB765A1C6E}.Debug|Any CPU.Build.0 = Debug|Any CPU
		{86456C25-CA9F-348E-1090-2ADB765A1C6E}.Release|Any CPU.ActiveCfg = Release|Any CPU
		{86456C25-CA9F-348E-1090-2ADB765A1C6E}.Release|Any CPU.Build.0 = Release|Any CPU
	EndGlobalSection
	GlobalSection(SolutionProperties) = preSolution
		HideSolutionNode = FALSE
	EndGlobalSection
EndGlobal
